
Microsoft Visual Studio Solution File, Format Version 12.00
# Visual Studio Version 16
VisualStudioVersion = 16.0.29201.188
MinimumVisualStudioVersion = 10.0.40219.1
Project("{FAE04EC0-301F-11D3-BF4B-00C04F79EFBC}") = "FlyLolo.JWT.Server", "FlyLolo.JWT.Server\FlyLolo.JWT.Server.csproj", "{98022EEE-98D1-4AA6-BE98-09472B3234C4}"
EndProject
Global
	GlobalSection(SolutionConfigurationPlatforms) = preSolution
		Debug|Any CPU = Debug|Any CPU
		Release|Any CPU = Release|Any CPU
	EndGlobalSection
	GlobalSection(ProjectConfigurationPlatforms) = postSolution
		{98022EEE-98D1-4AA6-BE98-09472B3234C4}.Debug|Any CPU.ActiveCfg = Debug|Any CPU
		{98022EEE-98D1-4AA6-BE98-09472B3234C4}.Debug|Any CPU.Build.0 = Debug|Any CPU
		{98022EEE-98D1-4AA6-BE98-09472B3234C4}.Release|Any CPU.ActiveCfg = Release|Any CPU
		{98022EEE-98D1-4AA6-BE98-09472B3234C4}.Release|Any CPU.Build.0 = Release|Any CPU
	EndGlobalSection
	GlobalSection(SolutionProperties) = preSolution
		HideSolutionNode = FALSE
	EndGlobalSection
	GlobalSection(ExtensibilityGlobals) = postSolution
		SolutionGuid = {14D865D9-1523-4218-B323-567368AB69AE}
	EndGlobalSection
EndGlobal
